// !$*UTF8*$!
{
	archiveVersion = 1;
	classes = {
	};
	objectVersion = 52;
	objects = {

/* Begin PBXBuildFile section */
		470F3F66243E1D6300B8DC04 /* AppDelegate.swift in Sources */ = {isa = PBXBuildFile; fileRef = 470F3F65243E1D6300B8DC04 /* AppDelegate.swift */; };
		470F3F68243E1D6300B8DC04 /* SceneDelegate.swift in Sources */ = {isa = PBXBuildFile; fileRef = 470F3F67243E1D6300B8DC04 /* SceneDelegate.swift */; };
		470F3F6A243E1D6300B8DC04 /* ContentView.swift in Sources */ = {isa = PBXBuildFile; fileRef = 470F3F69243E1D6300B8DC04 /* ContentView.swift */; };
		470F3F6C243E1D6600B8DC04 /* Assets.xcassets in Resources */ = {isa = PBXBuildFile; fileRef = 470F3F6B243E1D6600B8DC04 /* Assets.xcassets */; };
		470F3F6F243E1D6600B8DC04 /* Preview Assets.xcassets in Resources */ = {isa = PBXBuildFile; fileRef = 470F3F6E243E1D6600B8DC04 /* Preview Assets.xcassets */; };
		470F3F72243E1D6600B8DC04 /* LaunchScreen.storyboard in Resources */ = {isa = PBXBuildFile; fileRef = 470F3F70243E1D6600B8DC04 /* LaunchScreen.storyboard */; };
		476EB8F124487BE200F59E33 /* ProfileStatsView.swift in Sources */ = {isa = PBXBuildFile; fileRef = 476EB8F024487BE200F59E33 /* ProfileStatsView.swift */; };
		476EB8F324487C5600F59E33 /* ProfileContentView.swift in Sources */ = {isa = PBXBuildFile; fileRef = 476EB8F224487C5600F59E33 /* ProfileContentView.swift */; };
		476EB8F52448850600F59E33 /* ProfileStatsViewModel.swift in Sources */ = {isa = PBXBuildFile; fileRef = 476EB8F42448850600F59E33 /* ProfileStatsViewModel.swift */; };
		476EB8F8244895C000F59E33 /* Color+hex.swift in Sources */ = {isa = PBXBuildFile; fileRef = 476EB8F7244895C000F59E33 /* Color+hex.swift */; };
		47703FBB24473D5C0047B362 /* ProvileViewModel.swift in Sources */ = {isa = PBXBuildFile; fileRef = 47703FBA24473D5C0047B362 /* ProvileViewModel.swift */; };
		47703FBE244760A30047B362 /* Stats.swift in Sources */ = {isa = PBXBuildFile; fileRef = 47703FBD244760A30047B362 /* Stats.swift */; };
		4786CD5D243F660B00ACF9B0 /* CircleImage.swift in Sources */ = {isa = PBXBuildFile; fileRef = 4786CD5C243F660B00ACF9B0 /* CircleImage.swift */; };
		4786CD5F243F6BCA00ACF9B0 /* MapView.swift in Sources */ = {isa = PBXBuildFile; fileRef = 4786CD5E243F6BCA00ACF9B0 /* MapView.swift */; };
		4786CD61243F792800ACF9B0 /* MoviesView.swift in Sources */ = {isa = PBXBuildFile; fileRef = 4786CD60243F792800ACF9B0 /* MoviesView.swift */; };
		4786CD64243F79A200ACF9B0 /* ProfileView.swift in Sources */ = {isa = PBXBuildFile; fileRef = 4786CD63243F79A200ACF9B0 /* ProfileView.swift */; };
		4786CD67243F83E300ACF9B0 /* Movie.swift in Sources */ = {isa = PBXBuildFile; fileRef = 4786CD66243F83E300ACF9B0 /* Movie.swift */; };
		4786CD69243F8B4E00ACF9B0 /* MovieRow.swift in Sources */ = {isa = PBXBuildFile; fileRef = 4786CD68243F8B4E00ACF9B0 /* MovieRow.swift */; };
		4786CD6E243FB4CB00ACF9B0 /* MediaDetailView.swift in Sources */ = {isa = PBXBuildFile; fileRef = 4786CD6D243FB4CB00ACF9B0 /* MediaDetailView.swift */; };
		4786CD71244097AB00ACF9B0 /* Alamofire in Frameworks */ = {isa = PBXBuildFile; productRef = 4786CD70244097AB00ACF9B0 /* Alamofire */; };
		4786CD732440A20400ACF9B0 /* APIClient.swift in Sources */ = {isa = PBXBuildFile; fileRef = 4786CD722440A20400ACF9B0 /* APIClient.swift */; };
		4786CD752440A51C00ACF9B0 /* APIClient+Constants.swift in Sources */ = {isa = PBXBuildFile; fileRef = 4786CD742440A51C00ACF9B0 /* APIClient+Constants.swift */; };
		4786CD772440A70900ACF9B0 /* APIClient+User.swift in Sources */ = {isa = PBXBuildFile; fileRef = 4786CD762440A70900ACF9B0 /* APIClient+User.swift */; };
		4786CD7A2440B1B500ACF9B0 /* OAuth2 in Frameworks */ = {isa = PBXBuildFile; productRef = 4786CD792440B1B500ACF9B0 /* OAuth2 */; };
		4786CD7C2440B22000ACF9B0 /* COAuth.swift in Sources */ = {isa = PBXBuildFile; fileRef = 4786CD7B2440B22000ACF9B0 /* COAuth.swift */; };
		4786CD7E2440EE6300ACF9B0 /* APIClient+Key.swift in Sources */ = {isa = PBXBuildFile; fileRef = 4786CD7D2440EE6300ACF9B0 /* APIClient+Key.swift */; };
		4786CD802440F35D00ACF9B0 /* APIClient+Movies.swift in Sources */ = {isa = PBXBuildFile; fileRef = 4786CD7F2440F35D00ACF9B0 /* APIClient+Movies.swift */; };
		4786CD822443249400ACF9B0 /* MoviesViewModel.swift in Sources */ = {isa = PBXBuildFile; fileRef = 4786CD812443249400ACF9B0 /* MoviesViewModel.swift */; };
		4786CD8424437E9600ACF9B0 /* MediaHeaderView.swift in Sources */ = {isa = PBXBuildFile; fileRef = 4786CD8324437E9600ACF9B0 /* MediaHeaderView.swift */; };
		4786CD86244384FF00ACF9B0 /* ParallaxHeaderView.swift in Sources */ = {isa = PBXBuildFile; fileRef = 4786CD85244384FF00ACF9B0 /* ParallaxHeaderView.swift */; };
		4786CD882443866200ACF9B0 /* MediaDetailContentView.swift in Sources */ = {isa = PBXBuildFile; fileRef = 4786CD872443866200ACF9B0 /* MediaDetailContentView.swift */; };
		4786CD8B2444D38C00ACF9B0 /* DateFormatter+iso8601Full.swift in Sources */ = {isa = PBXBuildFile; fileRef = 4786CD8A2444D38C00ACF9B0 /* DateFormatter+iso8601Full.swift */; };
		4786CD8D2444DAE800ACF9B0 /* Date+StringFormatter.swift in Sources */ = {isa = PBXBuildFile; fileRef = 4786CD8C2444DAE700ACF9B0 /* Date+StringFormatter.swift */; };
		4786CD8F24472C2900ACF9B0 /* RequestInterceptor.swift in Sources */ = {isa = PBXBuildFile; fileRef = 4786CD8E24472C2900ACF9B0 /* RequestInterceptor.swift */; };
		4786CD9124472ECF00ACF9B0 /* User.swift in Sources */ = {isa = PBXBuildFile; fileRef = 4786CD9024472ECF00ACF9B0 /* User.swift */; };
/* End PBXBuildFile section */

/* Begin PBXFileReference section */
		470F3F62243E1D6300B8DC04 /* Cinephile.app */ = {isa = PBXFileReference; explicitFileType = wrapper.application; includeInIndex = 0; path = Cinephile.app; sourceTree = BUILT_PRODUCTS_DIR; };
		470F3F65243E1D6300B8DC04 /* AppDelegate.swift */ = {isa = PBXFileReference; lastKnownFileType = sourcecode.swift; path = AppDelegate.swift; sourceTree = "<group>"; };
		470F3F67243E1D6300B8DC04 /* SceneDelegate.swift */ = {isa = PBXFileReference; lastKnownFileType = sourcecode.swift; path = SceneDelegate.swift; sourceTree = "<group>"; };
		470F3F69243E1D6300B8DC04 /* ContentView.swift */ = {isa = PBXFileReference; lastKnownFileType = sourcecode.swift; path = ContentView.swift; sourceTree = "<group>"; };
		470F3F6B243E1D6600B8DC04 /* Assets.xcassets */ = {isa = PBXFileReference; lastKnownFileType = folder.assetcatalog; path = Assets.xcassets; sourceTree = "<group>"; };
		470F3F6E243E1D6600B8DC04 /* Preview Assets.xcassets */ = {isa = PBXFileReference; lastKnownFileType = folder.assetcatalog; path = "Preview Assets.xcassets"; sourceTree = "<group>"; };
		470F3F71243E1D6600B8DC04 /* Base */ = {isa = PBXFileReference; lastKnownFileType = file.storyboard; name = Base; path = Base.lproj/LaunchScreen.storyboard; sourceTree = "<group>"; };
		470F3F73243E1D6600B8DC04 /* Info.plist */ = {isa = PBXFileReference; lastKnownFileType = text.plist.xml; path = Info.plist; sourceTree = "<group>"; };
		476EB8F024487BE200F59E33 /* ProfileStatsView.swift */ = {isa = PBXFileReference; lastKnownFileType = sourcecode.swift; path = ProfileStatsView.swift; sourceTree = "<group>"; };
		476EB8F224487C5600F59E33 /* ProfileContentView.swift */ = {isa = PBXFileReference; lastKnownFileType = sourcecode.swift; path = ProfileContentView.swift; sourceTree = "<group>"; };
		476EB8F42448850600F59E33 /* ProfileStatsViewModel.swift */ = {isa = PBXFileReference; lastKnownFileType = sourcecode.swift; path = ProfileStatsViewModel.swift; sourceTree = "<group>"; };
		476EB8F7244895C000F59E33 /* Color+hex.swift */ = {isa = PBXFileReference; lastKnownFileType = sourcecode.swift; path = "Color+hex.swift"; sourceTree = "<group>"; };
		47703FBA24473D5C0047B362 /* ProvileViewModel.swift */ = {isa = PBXFileReference; lastKnownFileType = sourcecode.swift; path = ProvileViewModel.swift; sourceTree = "<group>"; };
		47703FBD244760A30047B362 /* Stats.swift */ = {isa = PBXFileReference; lastKnownFileType = sourcecode.swift; path = Stats.swift; sourceTree = "<group>"; };
		4786CD5C243F660B00ACF9B0 /* CircleImage.swift */ = {isa = PBXFileReference; lastKnownFileType = sourcecode.swift; path = CircleImage.swift; sourceTree = "<group>"; };
		4786CD5E243F6BCA00ACF9B0 /* MapView.swift */ = {isa = PBXFileReference; lastKnownFileType = sourcecode.swift; path = MapView.swift; sourceTree = "<group>"; };
		4786CD60243F792800ACF9B0 /* MoviesView.swift */ = {isa = PBXFileReference; lastKnownFileType = sourcecode.swift; path = MoviesView.swift; sourceTree = "<group>"; };
		4786CD63243F79A200ACF9B0 /* ProfileView.swift */ = {isa = PBXFileReference; lastKnownFileType = sourcecode.swift; path = ProfileView.swift; sourceTree = "<group>"; };
		4786CD66243F83E300ACF9B0 /* Movie.swift */ = {isa = PBXFileReference; lastKnownFileType = sourcecode.swift; path = Movie.swift; sourceTree = "<group>"; };
		4786CD68243F8B4E00ACF9B0 /* MovieRow.swift */ = {isa = PBXFileReference; lastKnownFileType = sourcecode.swift; path = MovieRow.swift; sourceTree = "<group>"; };
		4786CD6D243FB4CB00ACF9B0 /* MediaDetailView.swift */ = {isa = PBXFileReference; lastKnownFileType = sourcecode.swift; path = MediaDetailView.swift; sourceTree = "<group>"; };
		4786CD722440A20400ACF9B0 /* APIClient.swift */ = {isa = PBXFileReference; lastKnownFileType = sourcecode.swift; path = APIClient.swift; sourceTree = "<group>"; };
		4786CD742440A51C00ACF9B0 /* APIClient+Constants.swift */ = {isa = PBXFileReference; lastKnownFileType = sourcecode.swift; path = "APIClient+Constants.swift"; sourceTree = "<group>"; };
		4786CD762440A70900ACF9B0 /* APIClient+User.swift */ = {isa = PBXFileReference; lastKnownFileType = sourcecode.swift; path = "APIClient+User.swift"; sourceTree = "<group>"; };
		4786CD7B2440B22000ACF9B0 /* COAuth.swift */ = {isa = PBXFileReference; lastKnownFileType = sourcecode.swift; path = COAuth.swift; sourceTree = "<group>"; };
		4786CD7D2440EE6300ACF9B0 /* APIClient+Key.swift */ = {isa = PBXFileReference; lastKnownFileType = sourcecode.swift; path = "APIClient+Key.swift"; sourceTree = "<group>"; };
		4786CD7F2440F35D00ACF9B0 /* APIClient+Movies.swift */ = {isa = PBXFileReference; lastKnownFileType = sourcecode.swift; path = "APIClient+Movies.swift"; sourceTree = "<group>"; };
		4786CD812443249400ACF9B0 /* MoviesViewModel.swift */ = {isa = PBXFileReference; lastKnownFileType = sourcecode.swift; path = MoviesViewModel.swift; sourceTree = "<group>"; };
		4786CD8324437E9600ACF9B0 /* MediaHeaderView.swift */ = {isa = PBXFileReference; lastKnownFileType = sourcecode.swift; path = MediaHeaderView.swift; sourceTree = "<group>"; };
		4786CD85244384FF00ACF9B0 /* ParallaxHeaderView.swift */ = {isa = PBXFileReference; lastKnownFileType = sourcecode.swift; path = ParallaxHeaderView.swift; sourceTree = "<group>"; };
		4786CD872443866200ACF9B0 /* MediaDetailContentView.swift */ = {isa = PBXFileReference; lastKnownFileType = sourcecode.swift; path = MediaDetailContentView.swift; sourceTree = "<group>"; };
		4786CD8A2444D38C00ACF9B0 /* DateFormatter+iso8601Full.swift */ = {isa = PBXFileReference; lastKnownFileType = sourcecode.swift; path = "DateFormatter+iso8601Full.swift"; sourceTree = "<group>"; };
		4786CD8C2444DAE700ACF9B0 /* Date+StringFormatter.swift */ = {isa = PBXFileReference; lastKnownFileType = sourcecode.swift; path = "Date+StringFormatter.swift"; sourceTree = "<group>"; };
		4786CD8E24472C2900ACF9B0 /* RequestInterceptor.swift */ = {isa = PBXFileReference; lastKnownFileType = sourcecode.swift; path = RequestInterceptor.swift; sourceTree = "<group>"; };
		4786CD9024472ECF00ACF9B0 /* User.swift */ = {isa = PBXFileReference; lastKnownFileType = sourcecode.swift; path = User.swift; sourceTree = "<group>"; };
/* End PBXFileReference section */

/* Begin PBXFrameworksBuildPhase section */
		470F3F5F243E1D6300B8DC04 /* Frameworks */ = {
			isa = PBXFrameworksBuildPhase;
			buildActionMask = 2147483647;
			files = (
				4786CD71244097AB00ACF9B0 /* Alamofire in Frameworks */,
				4786CD7A2440B1B500ACF9B0 /* OAuth2 in Frameworks */,
			);
			runOnlyForDeploymentPostprocessing = 0;
		};
/* End PBXFrameworksBuildPhase section */

/* Begin PBXGroup section */
		470F3F59243E1D6300B8DC04 = {
			isa = PBXGroup;
			children = (
				470F3F64243E1D6300B8DC04 /* Cinephile */,
				470F3F63243E1D6300B8DC04 /* Products */,
			);
			sourceTree = "<group>";
		};
		470F3F63243E1D6300B8DC04 /* Products */ = {
			isa = PBXGroup;
			children = (
				470F3F62243E1D6300B8DC04 /* Cinephile.app */,
			);
			name = Products;
			sourceTree = "<group>";
		};
		470F3F64243E1D6300B8DC04 /* Cinephile */ = {
			isa = PBXGroup;
			children = (
				47703FBC2447601C0047B362 /* Common View */,
				4786CD892444D35F00ACF9B0 /* Extension */,
				4786CD59243F659000ACF9B0 /* Network */,
				4786CD57243F656100ACF9B0 /* Features */,
				470F3F65243E1D6300B8DC04 /* AppDelegate.swift */,
				470F3F67243E1D6300B8DC04 /* SceneDelegate.swift */,
				470F3F6B243E1D6600B8DC04 /* Assets.xcassets */,
				470F3F70243E1D6600B8DC04 /* LaunchScreen.storyboard */,
				470F3F73243E1D6600B8DC04 /* Info.plist */,
				470F3F6D243E1D6600B8DC04 /* Preview Content */,
			);
			path = Cinephile;
			sourceTree = "<group>";
		};
		470F3F6D243E1D6600B8DC04 /* Preview Content */ = {
			isa = PBXGroup;
			children = (
				470F3F6E243E1D6600B8DC04 /* Preview Assets.xcassets */,
			);
			path = "Preview Content";
			sourceTree = "<group>";
		};
		476EB8F6244885B200F59E33 /* Stats */ = {
			isa = PBXGroup;
			children = (
				476EB8F024487BE200F59E33 /* ProfileStatsView.swift */,
				476EB8F42448850600F59E33 /* ProfileStatsViewModel.swift */,
			);
			path = Stats;
			sourceTree = "<group>";
		};
		47703FBC2447601C0047B362 /* Common View */ = {
			isa = PBXGroup;
			children = (
				4786CD5C243F660B00ACF9B0 /* CircleImage.swift */,
				4786CD5E243F6BCA00ACF9B0 /* MapView.swift */,
			);
			path = "Common View";
			sourceTree = "<group>";
		};
		4786CD57243F656100ACF9B0 /* Features */ = {
			isa = PBXGroup;
			children = (
				4786CD5A243F65B400ACF9B0 /* Authenticate */,
				4786CD5B243F65D100ACF9B0 /* Menu */,
				4786CD58243F658A00ACF9B0 /* Movies */,
				4786CD6C243FB4B400ACF9B0 /* MediaDetail */,
				4786CD62243F797B00ACF9B0 /* Profile */,
			);
			path = Features;
			sourceTree = "<group>";
		};
		4786CD58243F658A00ACF9B0 /* Movies */ = {
			isa = PBXGroup;
			children = (
				4786CD65243F83BF00ACF9B0 /* Model */,
				4786CD60243F792800ACF9B0 /* MoviesView.swift */,
				4786CD812443249400ACF9B0 /* MoviesViewModel.swift */,
				4786CD68243F8B4E00ACF9B0 /* MovieRow.swift */,
			);
			path = Movies;
			sourceTree = "<group>";
		};
		4786CD59243F659000ACF9B0 /* Network */ = {
			isa = PBXGroup;
			children = (
				4786CD722440A20400ACF9B0 /* APIClient.swift */,
				4786CD762440A70900ACF9B0 /* APIClient+User.swift */,
				4786CD742440A51C00ACF9B0 /* APIClient+Constants.swift */,
				4786CD7D2440EE6300ACF9B0 /* APIClient+Key.swift */,
				4786CD7F2440F35D00ACF9B0 /* APIClient+Movies.swift */,
				4786CD7B2440B22000ACF9B0 /* COAuth.swift */,
				4786CD8E24472C2900ACF9B0 /* RequestInterceptor.swift */,
			);
			path = Network;
			sourceTree = "<group>";
		};
		4786CD5A243F65B400ACF9B0 /* Authenticate */ = {
			isa = PBXGroup;
			children = (
			);
			path = Authenticate;
			sourceTree = "<group>";
		};
		4786CD5B243F65D100ACF9B0 /* Menu */ = {
			isa = PBXGroup;
			children = (
				470F3F69243E1D6300B8DC04 /* ContentView.swift */,
			);
			path = Menu;
			sourceTree = "<group>";
		};
		4786CD62243F797B00ACF9B0 /* Profile */ = {
			isa = PBXGroup;
			children = (
				4786CD9224472ED200ACF9B0 /* Model */,
				476EB8F6244885B200F59E33 /* Stats */,
				4786CD63243F79A200ACF9B0 /* ProfileView.swift */,
				476EB8F224487C5600F59E33 /* ProfileContentView.swift */,
				47703FBA24473D5C0047B362 /* ProvileViewModel.swift */,
			);
			path = Profile;
			sourceTree = "<group>";
		};
		4786CD65243F83BF00ACF9B0 /* Model */ = {
			isa = PBXGroup;
			children = (
				4786CD66243F83E300ACF9B0 /* Movie.swift */,
			);
			path = Model;
			sourceTree = "<group>";
		};
		4786CD6C243FB4B400ACF9B0 /* MediaDetail */ = {
			isa = PBXGroup;
			children = (
				4786CD6D243FB4CB00ACF9B0 /* MediaDetailView.swift */,
				4786CD8324437E9600ACF9B0 /* MediaHeaderView.swift */,
				4786CD872443866200ACF9B0 /* MediaDetailContentView.swift */,
				4786CD85244384FF00ACF9B0 /* ParallaxHeaderView.swift */,
			);
			path = MediaDetail;
			sourceTree = "<group>";
		};
		4786CD892444D35F00ACF9B0 /* Extension */ = {
			isa = PBXGroup;
			children = (
				476EB8F7244895C000F59E33 /* Color+hex.swift */,
				4786CD8A2444D38C00ACF9B0 /* DateFormatter+iso8601Full.swift */,
				4786CD8C2444DAE700ACF9B0 /* Date+StringFormatter.swift */,
			);
			path = Extension;
			sourceTree = "<group>";
		};
		4786CD9224472ED200ACF9B0 /* Model */ = {
			isa = PBXGroup;
			children = (
				4786CD9024472ECF00ACF9B0 /* User.swift */,
				47703FBD244760A30047B362 /* Stats.swift */,
			);
			path = Model;
			sourceTree = "<group>";
		};
/* End PBXGroup section */

/* Begin PBXNativeTarget section */
		470F3F61243E1D6300B8DC04 /* Cinephile */ = {
			isa = PBXNativeTarget;
			buildConfigurationList = 470F3F76243E1D6600B8DC04 /* Build configuration list for PBXNativeTarget "Cinephile" */;
			buildPhases = (
				470F3F5E243E1D6300B8DC04 /* Sources */,
				470F3F5F243E1D6300B8DC04 /* Frameworks */,
				470F3F60243E1D6300B8DC04 /* Resources */,
			);
			buildRules = (
			);
			dependencies = (
			);
			name = Cinephile;
			packageProductDependencies = (
				4786CD70244097AB00ACF9B0 /* Alamofire */,
				4786CD792440B1B500ACF9B0 /* OAuth2 */,
			);
			productName = Cinephile;
			productReference = 470F3F62243E1D6300B8DC04 /* Cinephile.app */;
			productType = "com.apple.product-type.application";
		};
/* End PBXNativeTarget section */

/* Begin PBXProject section */
		470F3F5A243E1D6300B8DC04 /* Project object */ = {
			isa = PBXProject;
			attributes = {
				LastSwiftUpdateCheck = 1140;
				LastUpgradeCheck = 1140;
				ORGANIZATIONNAME = omer;
				TargetAttributes = {
					470F3F61243E1D6300B8DC04 = {
						CreatedOnToolsVersion = 11.4;
					};
				};
			};
			buildConfigurationList = 470F3F5D243E1D6300B8DC04 /* Build configuration list for PBXProject "Cinephile" */;
			compatibilityVersion = "Xcode 9.3";
			developmentRegion = en;
			hasScannedForEncodings = 0;
			knownRegions = (
				en,
				Base,
			);
			mainGroup = 470F3F59243E1D6300B8DC04;
			packageReferences = (
				4786CD6F244097AB00ACF9B0 /* XCRemoteSwiftPackageReference "Alamofire" */,
				4786CD782440B1B500ACF9B0 /* XCRemoteSwiftPackageReference "OAuth2" */,
			);
			productRefGroup = 470F3F63243E1D6300B8DC04 /* Products */;
			projectDirPath = "";
			projectRoot = "";
			targets = (
				470F3F61243E1D6300B8DC04 /* Cinephile */,
			);
		};
/* End PBXProject section */

/* Begin PBXResourcesBuildPhase section */
		470F3F60243E1D6300B8DC04 /* Resources */ = {
			isa = PBXResourcesBuildPhase;
			buildActionMask = 2147483647;
			files = (
				470F3F72243E1D6600B8DC04 /* LaunchScreen.storyboard in Resources */,
				470F3F6F243E1D6600B8DC04 /* Preview Assets.xcassets in Resources */,
				470F3F6C243E1D6600B8DC04 /* Assets.xcassets in Resources */,
			);
			runOnlyForDeploymentPostprocessing = 0;
		};
/* End PBXResourcesBuildPhase section */

/* Begin PBXSourcesBuildPhase section */
		470F3F5E243E1D6300B8DC04 /* Sources */ = {
			isa = PBXSourcesBuildPhase;
			buildActionMask = 2147483647;
			files = (
				4786CD8B2444D38C00ACF9B0 /* DateFormatter+iso8601Full.swift in Sources */,
				47703FBE244760A30047B362 /* Stats.swift in Sources */,
				4786CD8D2444DAE800ACF9B0 /* Date+StringFormatter.swift in Sources */,
				470F3F66243E1D6300B8DC04 /* AppDelegate.swift in Sources */,
				47703FBB24473D5C0047B362 /* ProvileViewModel.swift in Sources */,
				4786CD61243F792800ACF9B0 /* MoviesView.swift in Sources */,
				476EB8F324487C5600F59E33 /* ProfileContentView.swift in Sources */,
				4786CD822443249400ACF9B0 /* MoviesViewModel.swift in Sources */,
				4786CD5D243F660B00ACF9B0 /* CircleImage.swift in Sources */,
				4786CD8F24472C2900ACF9B0 /* RequestInterceptor.swift in Sources */,
				4786CD5F243F6BCA00ACF9B0 /* MapView.swift in Sources */,
				470F3F68243E1D6300B8DC04 /* SceneDelegate.swift in Sources */,
				4786CD64243F79A200ACF9B0 /* ProfileView.swift in Sources */,
				4786CD772440A70900ACF9B0 /* APIClient+User.swift in Sources */,
				476EB8F124487BE200F59E33 /* ProfileStatsView.swift in Sources */,
				4786CD882443866200ACF9B0 /* MediaDetailContentView.swift in Sources */,
				4786CD6E243FB4CB00ACF9B0 /* MediaDetailView.swift in Sources */,
				4786CD802440F35D00ACF9B0 /* APIClient+Movies.swift in Sources */,
				4786CD752440A51C00ACF9B0 /* APIClient+Constants.swift in Sources */,
				4786CD7C2440B22000ACF9B0 /* COAuth.swift in Sources */,
				476EB8F52448850600F59E33 /* ProfileStatsViewModel.swift in Sources */,
				476EB8F8244895C000F59E33 /* Color+hex.swift in Sources */,
				4786CD86244384FF00ACF9B0 /* ParallaxHeaderView.swift in Sources */,
				4786CD67243F83E300ACF9B0 /* Movie.swift in Sources */,
				4786CD7E2440EE6300ACF9B0 /* APIClient+Key.swift in Sources */,
				4786CD69243F8B4E00ACF9B0 /* MovieRow.swift in Sources */,
				4786CD9124472ECF00ACF9B0 /* User.swift in Sources */,
				470F3F6A243E1D6300B8DC04 /* ContentView.swift in Sources */,
				4786CD8424437E9600ACF9B0 /* MediaHeaderView.swift in Sources */,
				4786CD732440A20400ACF9B0 /* APIClient.swift in Sources */,
			);
			runOnlyForDeploymentPostprocessing = 0;
		};
/* End PBXSourcesBuildPhase section */

/* Begin PBXVariantGroup section */
		470F3F70243E1D6600B8DC04 /* LaunchScreen.storyboard */ = {
			isa = PBXVariantGroup;
			children = (
				470F3F71243E1D6600B8DC04 /* Base */,
			);
			name = LaunchScreen.storyboard;
			sourceTree = "<group>";
		};
/* End PBXVariantGroup section */

/* Begin XCBuildConfiguration section */
		470F3F74243E1D6600B8DC04 /* Debug */ = {
			isa = XCBuildConfiguration;
			buildSettings = {
				ALWAYS_SEARCH_USER_PATHS = NO;
				CLANG_ANALYZER_NONNULL = YES;
				CLANG_ANALYZER_NUMBER_OBJECT_CONVERSION = YES_AGGRESSIVE;
				CLANG_CXX_LANGUAGE_STANDARD = "gnu++14";
				CLANG_CXX_LIBRARY = "libc++";
				CLANG_ENABLE_MODULES = YES;
				CLANG_ENABLE_OBJC_ARC = YES;
				CLANG_ENABLE_OBJC_WEAK = YES;
				CLANG_WARN_BLOCK_CAPTURE_AUTORELEASING = YES;
				CLANG_WARN_BOOL_CONVERSION = YES;
				CLANG_WARN_COMMA = YES;
				CLANG_WARN_CONSTANT_CONVERSION = YES;
				CLANG_WARN_DEPRECATED_OBJC_IMPLEMENTATIONS = YES;
				CLANG_WARN_DIRECT_OBJC_ISA_USAGE = YES_ERROR;
				CLANG_WARN_DOCUMENTATION_COMMENTS = YES;
				CLANG_WARN_EMPTY_BODY = YES;
				CLANG_WARN_ENUM_CONVERSION = YES;
				CLANG_WARN_INFINITE_RECURSION = YES;
				CLANG_WARN_INT_CONVERSION = YES;
				CLANG_WARN_NON_LITERAL_NULL_CONVERSION = YES;
				CLANG_WARN_OBJC_IMPLICIT_RETAIN_SELF = YES;
				CLANG_WARN_OBJC_LITERAL_CONVERSION = YES;
				CLANG_WARN_OBJC_ROOT_CLASS = YES_ERROR;
				CLANG_WARN_RANGE_LOOP_ANALYSIS = YES;
				CLANG_WARN_STRICT_PROTOTYPES = YES;
				CLANG_WARN_SUSPICIOUS_MOVE = YES;
				CLANG_WARN_UNGUARDED_AVAILABILITY = YES_AGGRESSIVE;
				CLANG_WARN_UNREACHABLE_CODE = YES;
				CLANG_WARN__DUPLICATE_METHOD_MATCH = YES;
				COPY_PHASE_STRIP = NO;
				DEBUG_INFORMATION_FORMAT = dwarf;
				ENABLE_STRICT_OBJC_MSGSEND = YES;
				ENABLE_TESTABILITY = YES;
				GCC_C_LANGUAGE_STANDARD = gnu11;
				GCC_DYNAMIC_NO_PIC = NO;
				GCC_NO_COMMON_BLOCKS = YES;
				GCC_OPTIMIZATION_LEVEL = 0;
				GCC_PREPROCESSOR_DEFINITIONS = (
					"DEBUG=1",
					"$(inherited)",
				);
				GCC_WARN_64_TO_32_BIT_CONVERSION = YES;
				GCC_WARN_ABOUT_RETURN_TYPE = YES_ERROR;
				GCC_WARN_UNDECLARED_SELECTOR = YES;
				GCC_WARN_UNINITIALIZED_AUTOS = YES_AGGRESSIVE;
				GCC_WARN_UNUSED_FUNCTION = YES;
				GCC_WARN_UNUSED_VARIABLE = YES;
				IPHONEOS_DEPLOYMENT_TARGET = 13.4;
				MTL_ENABLE_DEBUG_INFO = INCLUDE_SOURCE;
				MTL_FAST_MATH = YES;
				ONLY_ACTIVE_ARCH = YES;
				SDKROOT = iphoneos;
				SWIFT_ACTIVE_COMPILATION_CONDITIONS = DEBUG;
				SWIFT_OPTIMIZATION_LEVEL = "-Onone";
			};
			name = Debug;
		};
		470F3F75243E1D6600B8DC04 /* Release */ = {
			isa = XCBuildConfiguration;
			buildSettings = {
				ALWAYS_SEARCH_USER_PATHS = NO;
				CLANG_ANALYZER_NONNULL = YES;
				CLANG_ANALYZER_NUMBER_OBJECT_CONVERSION = YES_AGGRESSIVE;
				CLANG_CXX_LANGUAGE_STANDARD = "gnu++14";
				CLANG_CXX_LIBRARY = "libc++";
				CLANG_ENABLE_MODULES = YES;
				CLANG_ENABLE_OBJC_ARC = YES;
				CLANG_ENABLE_OBJC_WEAK = YES;
				CLANG_WARN_BLOCK_CAPTURE_AUTORELEASING = YES;
				CLANG_WARN_BOOL_CONVERSION = YES;
				CLANG_WARN_COMMA = YES;
				CLANG_WARN_CONSTANT_CONVERSION = YES;
				CLANG_WARN_DEPRECATED_OBJC_IMPLEMENTATIONS = YES;
				CLANG_WARN_DIRECT_OBJC_ISA_USAGE = YES_ERROR;
				CLANG_WARN_DOCUMENTATION_COMMENTS = YES;
				CLANG_WARN_EMPTY_BODY = YES;
				CLANG_WARN_ENUM_CONVERSION = YES;
				CLANG_WARN_INFINITE_RECURSION = YES;
				CLANG_WARN_INT_CONVERSION = YES;
				CLANG_WARN_NON_LITERAL_NULL_CONVERSION = YES;
				CLANG_WARN_OBJC_IMPLICIT_RETAIN_SELF = YES;
				CLANG_WARN_OBJC_LITERAL_CONVERSION = YES;
				CLANG_WARN_OBJC_ROOT_CLASS = YES_ERROR;
				CLANG_WARN_RANGE_LOOP_ANALYSIS = YES;
				CLANG_WARN_STRICT_PROTOTYPES = YES;
				CLANG_WARN_SUSPICIOUS_MOVE = YES;
				CLANG_WARN_UNGUARDED_AVAILABILITY = YES_AGGRESSIVE;
				CLANG_WARN_UNREACHABLE_CODE = YES;
				CLANG_WARN__DUPLICATE_METHOD_MATCH = YES;
				COPY_PHASE_STRIP = NO;
				DEBUG_INFORMATION_FORMAT = "dwarf-with-dsym";
				ENABLE_NS_ASSERTIONS = NO;
				ENABLE_STRICT_OBJC_MSGSEND = YES;
				GCC_C_LANGUAGE_STANDARD = gnu11;
				GCC_NO_COMMON_BLOCKS = YES;
				GCC_WARN_64_TO_32_BIT_CONVERSION = YES;
				GCC_WARN_ABOUT_RETURN_TYPE = YES_ERROR;
				GCC_WARN_UNDECLARED_SELECTOR = YES;
				GCC_WARN_UNINITIALIZED_AUTOS = YES_AGGRESSIVE;
				GCC_WARN_UNUSED_FUNCTION = YES;
				GCC_WARN_UNUSED_VARIABLE = YES;
				IPHONEOS_DEPLOYMENT_TARGET = 13.4;
				MTL_ENABLE_DEBUG_INFO = NO;
				MTL_FAST_MATH = YES;
				SDKROOT = iphoneos;
				SWIFT_COMPILATION_MODE = wholemodule;
				SWIFT_OPTIMIZATION_LEVEL = "-O";
				VALIDATE_PRODUCT = YES;
			};
			name = Release;
		};
		470F3F77243E1D6600B8DC04 /* Debug */ = {
			isa = XCBuildConfiguration;
			buildSettings = {
				ASSETCATALOG_COMPILER_APPICON_NAME = AppIcon;
				CODE_SIGN_STYLE = Automatic;
				DEVELOPMENT_ASSET_PATHS = "\"Cinephile/Preview Content\"";
				DEVELOPMENT_TEAM = B8N5ANGX9Q;
				ENABLE_PREVIEWS = YES;
				INFOPLIST_FILE = Cinephile/Info.plist;
				LD_RUNPATH_SEARCH_PATHS = (
					"$(inherited)",
					"@executable_path/Frameworks",
				);
				PRODUCT_BUNDLE_IDENTIFIER = com.ozk.Cinephile;
				PRODUCT_NAME = "$(TARGET_NAME)";
				SWIFT_VERSION = 5.0;
				TARGETED_DEVICE_FAMILY = "1,2";
			};
			name = Debug;
		};
		470F3F78243E1D6600B8DC04 /* Release */ = {
			isa = XCBuildConfiguration;
			buildSettings = {
				ASSETCATALOG_COMPILER_APPICON_NAME = AppIcon;
				CODE_SIGN_STYLE = Automatic;
				DEVELOPMENT_ASSET_PATHS = "\"Cinephile/Preview Content\"";
				DEVELOPMENT_TEAM = B8N5ANGX9Q;
				ENABLE_PREVIEWS = YES;
				INFOPLIST_FILE = Cinephile/Info.plist;
				LD_RUNPATH_SEARCH_PATHS = (
					"$(inherited)",
					"@executable_path/Frameworks",
				);
				PRODUCT_BUNDLE_IDENTIFIER = com.ozk.Cinephile;
				PRODUCT_NAME = "$(TARGET_NAME)";
				SWIFT_VERSION = 5.0;
				TARGETED_DEVICE_FAMILY = "1,2";
			};
			name = Release;
		};
/* End XCBuildConfiguration section */

/* Begin XCConfigurationList section */
		470F3F5D243E1D6300B8DC04 /* Build configuration list for PBXProject "Cinephile" */ = {
			isa = XCConfigurationList;
			buildConfigurations = (
				470F3F74243E1D6600B8DC04 /* Debug */,
				470F3F75243E1D6600B8DC04 /* Release */,
			);
			defaultConfigurationIsVisible = 0;
			defaultConfigurationName = Release;
		};
		470F3F76243E1D6600B8DC04 /* Build configuration list for PBXNativeTarget "Cinephile" */ = {
			isa = XCConfigurationList;
			buildConfigurations = (
				470F3F77243E1D6600B8DC04 /* Debug */,
				470F3F78243E1D6600B8DC04 /* Release */,
			);
			defaultConfigurationIsVisible = 0;
			defaultConfigurationName = Release;
		};
/* End XCConfigurationList section */

/* Begin XCRemoteSwiftPackageReference section */
		4786CD6F244097AB00ACF9B0 /* XCRemoteSwiftPackageReference "Alamofire" */ = {
			isa = XCRemoteSwiftPackageReference;
			repositoryURL = "https://github.com/Alamofire/Alamofire.git";
			requirement = {
				kind = upToNextMajorVersion;
				minimumVersion = 5.1.0;
			};
		};
		4786CD782440B1B500ACF9B0 /* XCRemoteSwiftPackageReference "OAuth2" */ = {
			isa = XCRemoteSwiftPackageReference;
			repositoryURL = "https://github.com/p2/OAuth2.git";
			requirement = {
				kind = upToNextMajorVersion;
				minimumVersion = 5.2.0;
			};
		};
/* End XCRemoteSwiftPackageReference section */

/* Begin XCSwiftPackageProductDependency section */
		4786CD70244097AB00ACF9B0 /* Alamofire */ = {
			isa = XCSwiftPackageProductDependency;
			package = 4786CD6F244097AB00ACF9B0 /* XCRemoteSwiftPackageReference "Alamofire" */;
			productName = Alamofire;
		};
		4786CD792440B1B500ACF9B0 /* OAuth2 */ = {
			isa = XCSwiftPackageProductDependency;
			package = 4786CD782440B1B500ACF9B0 /* XCRemoteSwiftPackageReference "OAuth2" */;
			productName = OAuth2;
		};
/* End XCSwiftPackageProductDependency section */
	};
	rootObject = 470F3F5A243E1D6300B8DC04 /* Project object */;
}
